
Microsoft Visual Studio Solution File, Format Version 12.00
# Visual Studio Version 17
VisualStudioVersion = 17.3.32901.215
MinimumVisualStudioVersion = 10.0.40219.1
Project("{FAE04EC0-301F-11D3-BF4B-00C04F79EFBC}") = "ExplorerPane", "ExplorerPane\ExplorerPane.csproj", "{455781B8-5817-4ABB-B3D2-905E32666450}"
EndProject
Global
	GlobalSection(SolutionConfigurationPlatforms) = preSolution
		Debug|Any CPU = Debug|Any CPU
		Release|Any CPU = Release|Any CPU
	EndGlobalSection
	GlobalSection(ProjectConfigurationPlatforms) = postSolution
		{455781B8-5817-4ABB-B3D2-905E32666450}.Debug|Any CPU.ActiveCfg = Debug|Any CPU
		{455781B8-5817-4ABB-B3D2-905E32666450}.Debug|Any CPU.Build.0 = Debug|Any CPU
		{455781B8-5817-4ABB-B3D2-905E32666450}.Release|Any CPU.ActiveCfg = Release|Any CPU
		{455781B8-5817-4ABB-B3D2-905E32666450}.Release|Any CPU.Build.0 = Release|Any CPU
	EndGlobalSection
	GlobalSection(SolutionProperties) = preSolution
		HideSolutionNode = FALSE
	EndGlobalSection
	GlobalSection(ExtensibilityGlobals) = postSolution
		SolutionGuid = {AD67BD63-C542-4941-87C5-F52D833456CC}
	EndGlobalSection
EndGlobal
